lockfileVersion: 5.3

specifiers:
  husky: ^7.0.4
  prettier: ^2.5.1

devDependencies:
  husky: 7.0.4
  prettier: 2.5.1

packages:

  /husky/7.0.4:
    resolution: {integrity: sha512-vbaCKN2QLtP/vD4yvs6iz6hBEo6wkSzs8HpRah1Z6aGmF2KW5PdYuAd7uX5a+OyBZHBhd+TFLqgjUgytQr4RvQ==}
    engines: {node: '>=12'}
    hasBin: true
    dev: true

  /prettier/2.5.1:
    resolution: {integrity: sha512-vBZcPRUR5MZJwoyi3ZoyQlc1rXeEck8KgeC9AwwOn+exuxLxq5toTRDTSaVrXHxelDMHy9zlicw8u66yxoSUFg==}
    engines: {node: '>=10.13.0'}
    hasBin: true
    dev: true
